# This is a Gradle generated file for dependency locking.
# Manual edits can break the build and are not advised.
# This file is expected to be part of source control.
androidx.annotation:annotation-experimental:1.1.0
androidx.annotation:annotation:1.0.0
androidx.appcompat:appcompat:1.0.2
androidx.arch.core:core-common:2.0.0
androidx.arch.core:core-runtime:2.0.0
androidx.asynclayoutinflater:asynclayoutinflater:1.0.0
androidx.collection:collection:1.0.0
androidx.concurrent:concurrent-futures:1.1.0
androidx.coordinatorlayout:coordinatorlayout:1.0.0
androidx.core:core:1.0.1
androidx.cursoradapter:cursoradapter:1.0.0
androidx.customview:customview:1.0.0
androidx.documentfile:documentfile:1.0.0
androidx.drawerlayout:drawerlayout:1.0.0
androidx.fragment:fragment:1.0.0
androidx.interpolator:interpolator:1.0.0
androidx.legacy:legacy-support-core-ui:1.0.0
androidx.legacy:legacy-support-core-utils:1.0.0
androidx.lifecycle:lifecycle-common:2.0.0
androidx.lifecycle:lifecycle-livedata-core:2.0.0
androidx.lifecycle:lifecycle-livedata:2.0.0
androidx.lifecycle:lifecycle-runtime:2.0.0
androidx.lifecycle:lifecycle-viewmodel:2.0.0
androidx.loader:loader:1.0.0
androidx.localbroadcastmanager:localbroadcastmanager:1.0.0
androidx.print:print:1.0.0
androidx.slidingpanelayout:slidingpanelayout:1.0.0
androidx.swiperefreshlayout:swiperefreshlayout:1.0.0
androidx.test.espresso:espresso-core:3.3.0
androidx.test.espresso:espresso-idling-resource:3.3.0
androidx.test.ext:junit:1.1.4-alpha03
androidx.test.services:storage:1.4.1-alpha03
androidx.test:annotation:1.0.0-alpha02
androidx.test:core:1.4.1-alpha03
androidx.test:monitor:1.5.0-alpha03
androidx.test:runner:1.3.0
androidx.vectordrawable:vectordrawable-animated:1.0.0
androidx.vectordrawable:vectordrawable:1.0.1
androidx.versionedparcelable:versionedparcelable:1.0.0
androidx.viewpager:viewpager:1.0.0
com.android.support:multidex:1.0.3
com.facebook.fbjni:fbjni-java-only:0.0.3
com.facebook.fresco:drawee:2.0.0
com.facebook.fresco:fbcore:2.0.0
com.facebook.fresco:fresco:2.0.0
com.facebook.fresco:imagepipeline-base:2.0.0
com.facebook.fresco:imagepipeline-okhttp3:2.0.0
com.facebook.fresco:imagepipeline:2.0.0
com.facebook.fresco:nativeimagefilters:2.0.0
com.facebook.fresco:nativeimagetranscoder:2.0.0
com.facebook.infer.annotation:infer-annotation:0.11.2
com.facebook.react:react-native:0.64.2
com.facebook.soloader:annotation:0.9.0
com.facebook.soloader:nativeloader:0.9.0
com.facebook.soloader:soloader:0.9.0
com.facebook.yoga:proguard-annotations:1.14.1
com.google.code.findbugs:jsr305:3.0.2
com.google.guava:listenablefuture:1.0
com.jakewharton.android.repackaged:dalvik-dx:9.0.0_r3
com.linkedin.dexmaker:dexmaker:2.28.1
com.parse.bolts:bolts-tasks:1.4.0
com.squareup.okhttp3:okhttp-urlconnection:3.12.12
com.squareup.okhttp3:okhttp:4.9.3
com.squareup.okio:okio:2.8.0
com.squareup:javawriter:2.1.1
io.mockk:mockk-agent-android:1.12.1
io.mockk:mockk-agent-api:1.12.1
io.mockk:mockk-agent-common:1.12.1
io.mockk:mockk-android:1.12.1
io.mockk:mockk-common:1.12.1
io.mockk:mockk-dsl-jvm:1.12.1
io.mockk:mockk-dsl:1.12.1
io.mockk:mockk:1.12.1
javax.inject:javax.inject:1
junit:junit:4.13.2
net.java.dev.jna:jna-platform:5.5.0
net.java.dev.jna:jna:5.5.0
org.hamcrest:hamcrest-core:1.3
org.hamcrest:hamcrest-integration:1.3
org.hamcrest:hamcrest-library:1.3
org.jetbrains.kotlin:kotlin-reflect:1.3.72
org.jetbrains.kotlin:kotlin-stdlib-common:1.4.21
org.jetbrains.kotlin:kotlin-stdlib:1.4.21
org.jetbrains.kotlinx:kotlinx-coroutines-core-jvm:1.4.3
org.jetbrains.kotlinx:kotlinx-coroutines-core:1.4.3
org.jetbrains.kotlinx:kotlinx-coroutines-debug:1.4.3
org.jetbrains.kotlinx:kotlinx-coroutines-test:1.4.3
org.jetbrains:annotations:13.0
org.objenesis:objenesis:2.6
