// !$*UTF8*$!
{
	archiveVersion = 1;
	classes = {
	};
	objectVersion = 46;
	objects = {

/* Begin PBXBuildFile section */
		39BE76F54A8129B9E6AC4DCD /* libPods-BlobCourier.a in Frameworks */ = {isa = PBXBuildFile; fileRef = 93E64DD0869D554D6174C4E4 /* libPods-BlobCourier.a */; };
		B92C3A1025935C2700630464 /* EmbeddedHttpServer.swift in Sources */ = {isa = PBXBuildFile; fileRef = B92C3A0F25935C2700630464 /* EmbeddedHttpServer.swift */; };
		B96829D9254EC727002B4B04 /* UploaderDelegate.swift in Sources */ = {isa = PBXBuildFile; fileRef = B9409539253E1F5800A58583 /* UploaderDelegate.swift */; };
		B96829DF254EC736002B4B04 /* DownloaderDelegate.swift in Sources */ = {isa = PBXBuildFile; fileRef = B940948F253DFC0800A58583 /* DownloaderDelegate.swift */; };
		B96829E8254EC872002B4B04 /* BlobCourierTests.swift in Sources */ = {isa = PBXBuildFile; fileRef = B96829E7254EC872002B4B04 /* BlobCourierTests.swift */; };
		B96829EA254EC872002B4B04 /* libBlobCourier.a in Frameworks */ = {isa = PBXBuildFile; fileRef = 134814201AA4EA6300B7C361 /* libBlobCourier.a */; };
		B96A888425BC565300F42B65 /* Constants.swift in Sources */ = {isa = PBXBuildFile; fileRef = B96A888225BC565300F42B65 /* Constants.swift */; };
		B96A888625BC565300F42B65 /* Errors.swift in Sources */ = {isa = PBXBuildFile; fileRef = B96A888325BC565300F42B65 /* Errors.swift */; };
		B96A888E25BC566300F42B65 /* BlobDownloader.swift in Sources */ = {isa = PBXBuildFile; fileRef = B96A888D25BC566300F42B65 /* BlobDownloader.swift */; };
		B96A889625BC567000F42B65 /* BlobUploader.swift in Sources */ = {isa = PBXBuildFile; fileRef = B96A889525BC567000F42B65 /* BlobUploader.swift */; };
		B96A8E3925BCA76300F42B65 /* BlobCourierDelayedEventEmitter.swift in Sources */ = {isa = PBXBuildFile; fileRef = B96A8E3725BCA76300F42B65 /* BlobCourierDelayedEventEmitter.swift */; };
		B96A8F0925BCB1DA00F42B65 /* BlobCourier.m in Sources */ = {isa = PBXBuildFile; fileRef = B96A8F0825BCB1DA00F42B65 /* BlobCourier.m */; };
		B96A8F0A25BCB1DA00F42B65 /* BlobCourier.m in Sources */ = {isa = PBXBuildFile; fileRef = B96A8F0825BCB1DA00F42B65 /* BlobCourier.m */; };
		B96A8FEC25BCB87E00F42B65 /* BlobCourierEventEmitter.m in Sources */ = {isa = PBXBuildFile; fileRef = B96A8FEB25BCB87E00F42B65 /* BlobCourierEventEmitter.m */; };
		B96A8FED25BCB87E00F42B65 /* BlobCourierEventEmitter.m in Sources */ = {isa = PBXBuildFile; fileRef = B96A8FEB25BCB87E00F42B65 /* BlobCourierEventEmitter.m */; };
		B96A954A25BD8D3B00F42B65 /* BlobCourierEventEmitter.swift in Sources */ = {isa = PBXBuildFile; fileRef = B96A940A25BD847C00F42B65 /* BlobCourierEventEmitter.swift */; };
		B96A96D825BDE55900F42B65 /* DownloadParameters.swift in Sources */ = {isa = PBXBuildFile; fileRef = B96A96D725BDE55900F42B65 /* DownloadParameters.swift */; };
		B96A96D925BDE55900F42B65 /* DownloadParameters.swift in Sources */ = {isa = PBXBuildFile; fileRef = B96A96D725BDE55900F42B65 /* DownloadParameters.swift */; };
		B96A970025BDEA7D00F42B65 /* DownloaderParameterFactory.swift in Sources */ = {isa = PBXBuildFile; fileRef = B96A96FF25BDEA7D00F42B65 /* DownloaderParameterFactory.swift */; };
		B96A970125BDEA7D00F42B65 /* DownloaderParameterFactory.swift in Sources */ = {isa = PBXBuildFile; fileRef = B96A96FF25BDEA7D00F42B65 /* DownloaderParameterFactory.swift */; };
		B96A976925BDEC4D00F42B65 /* Constants.swift in Sources */ = {isa = PBXBuildFile; fileRef = B96A888225BC565300F42B65 /* Constants.swift */; };
		B96A976A25BDEC4D00F42B65 /* Errors.swift in Sources */ = {isa = PBXBuildFile; fileRef = B96A888325BC565300F42B65 /* Errors.swift */; };
		B96A993D25BE166900F42B65 /* UploaderParameterFactory.swift in Sources */ = {isa = PBXBuildFile; fileRef = B96A993B25BE166900F42B65 /* UploaderParameterFactory.swift */; };
		B96A993E25BE166900F42B65 /* UploaderParameterFactory.swift in Sources */ = {isa = PBXBuildFile; fileRef = B96A993B25BE166900F42B65 /* UploaderParameterFactory.swift */; };
		B96A993F25BE166900F42B65 /* UploadParameters.swift in Sources */ = {isa = PBXBuildFile; fileRef = B96A993C25BE166900F42B65 /* UploadParameters.swift */; };
		B96A994025BE166900F42B65 /* UploadParameters.swift in Sources */ = {isa = PBXBuildFile; fileRef = B96A993C25BE166900F42B65 /* UploadParameters.swift */; };
		B9AF759125DF263E00B68816 /* CancelController.swift in Sources */ = {isa = PBXBuildFile; fileRef = B9AF756E25DF203800B68816 /* CancelController.swift */; };
		B9AF759925DF264E00B68816 /* RequestCanceller.swift in Sources */ = {isa = PBXBuildFile; fileRef = B9AF756F25DF203800B68816 /* RequestCanceller.swift */; };
		B9AF75BF25DF29DF00B68816 /* CancelParameters.swift in Sources */ = {isa = PBXBuildFile; fileRef = B9AF75BD25DF29DF00B68816 /* CancelParameters.swift */; };
		B9AF75C025DF29DF00B68816 /* CancelParameterFactory.swift in Sources */ = {isa = PBXBuildFile; fileRef = B9AF75BE25DF29DF00B68816 /* CancelParameterFactory.swift */; };
		F209DAB66F0FF88ADCDDF8AC /* libPods-BlobCourierTests.a in Frameworks */ = {isa = PBXBuildFile; fileRef = 8E1CD508F07776C31C2610E7 /* libPods-BlobCourierTests.a */; };
		F4FF95D7245B92E800C19C63 /* BlobCourier.swift in Sources */ = {isa = PBXBuildFile; fileRef = F4FF95D6245B92E800C19C63 /* BlobCourier.swift */; };
/* End PBXBuildFile section */

/* Begin PBXContainerItemProxy section */
		B96829EB254EC872002B4B04 /* PBXContainerItemProxy */ = {
			isa = PBXContainerItemProxy;
			containerPortal = 58B511D31A9E6C8500147676 /* Project object */;
			proxyType = 1;
			remoteGlobalIDString = 58B511DA1A9E6C8500147676;
			remoteInfo = BlobCourier;
		};
/* End PBXContainerItemProxy section */

/* Begin PBXCopyFilesBuildPhase section */
		58B511D91A9E6C8500147676 /* CopyFiles */ = {
			isa = PBXCopyFilesBuildPhase;
			buildActionMask = 2147483647;
			dstPath = "include/$(PRODUCT_NAME)";
			dstSubfolderSpec = 16;
			files = (
			);
			runOnlyForDeploymentPostprocessing = 0;
		};
/* End PBXCopyFilesBuildPhase section */

/* Begin PBXFileReference section */
		134814201AA4EA6300B7C361 /* libBlobCourier.a */ = {isa = PBXFileReference; explicitFileType = archive.ar; includeInIndex = 0; path = libBlobCourier.a; sourceTree = BUILT_PRODUCTS_DIR; };
		3A3D01B0FFCB5DE19CF6B7C0 /* Pods-BlobCourierTests.release.xcconfig */ = {isa = PBXFileReference; includeInIndex = 1; lastKnownFileType = text.xcconfig; name = "Pods-BlobCourierTests.release.xcconfig"; path = "Target Support Files/Pods-BlobCourierTests/Pods-BlobCourierTests.release.xcconfig"; sourceTree = "<group>"; };
		3DD5C5A09015C3DEFFA162A9 /* Pods-BlobCourier.debug.xcconfig */ = {isa = PBXFileReference; includeInIndex = 1; lastKnownFileType = text.xcconfig; name = "Pods-BlobCourier.debug.xcconfig"; path = "Target Support Files/Pods-BlobCourier/Pods-BlobCourier.debug.xcconfig"; sourceTree = "<group>"; };
		8E1CD508F07776C31C2610E7 /* libPods-BlobCourierTests.a */ = {isa = PBXFileReference; explicitFileType = archive.ar; includeInIndex = 0; path = "libPods-BlobCourierTests.a"; sourceTree = BUILT_PRODUCTS_DIR; };
		93E64DD0869D554D6174C4E4 /* libPods-BlobCourier.a */ = {isa = PBXFileReference; explicitFileType = archive.ar; includeInIndex = 0; path = "libPods-BlobCourier.a"; sourceTree = BUILT_PRODUCTS_DIR; };
		B92C3A0F25935C2700630464 /* EmbeddedHttpServer.swift */ = {isa = PBXFileReference; fileEncoding = 4; lastKnownFileType = sourcecode.swift; path = EmbeddedHttpServer.swift; sourceTree = "<group>"; };
		B940948F253DFC0800A58583 /* DownloaderDelegate.swift */ = {isa = PBXFileReference; lastKnownFileType = sourcecode.swift; path = DownloaderDelegate.swift; sourceTree = "<group>"; };
		B9409539253E1F5800A58583 /* UploaderDelegate.swift */ = {isa = PBXFileReference; lastKnownFileType = sourcecode.swift; path = UploaderDelegate.swift; sourceTree = "<group>"; };
		B96829E5254EC872002B4B04 /* BlobCourierTests.xctest */ = {isa = PBXFileReference; explicitFileType = wrapper.cfbundle; includeInIndex = 0; path = BlobCourierTests.xctest; sourceTree = BUILT_PRODUCTS_DIR; };
		B96829E7254EC872002B4B04 /* BlobCourierTests.swift */ = {isa = PBXFileReference; lastKnownFileType = sourcecode.swift; path = BlobCourierTests.swift; sourceTree = "<group>"; };
		B96829E9254EC872002B4B04 /* Info.plist */ = {isa = PBXFileReference; lastKnownFileType = text.plist.xml; path = Info.plist; sourceTree = "<group>"; };
		B96A888225BC565300F42B65 /* Constants.swift */ = {isa = PBXFileReference; fileEncoding = 4; lastKnownFileType = sourcecode.swift; path = Constants.swift; sourceTree = "<group>"; };
		B96A888325BC565300F42B65 /* Errors.swift */ = {isa = PBXFileReference; fileEncoding = 4; lastKnownFileType = sourcecode.swift; path = Errors.swift; sourceTree = "<group>"; };
		B96A888D25BC566300F42B65 /* BlobDownloader.swift */ = {isa = PBXFileReference; fileEncoding = 4; lastKnownFileType = sourcecode.swift; path = BlobDownloader.swift; sourceTree = "<group>"; };
		B96A889525BC567000F42B65 /* BlobUploader.swift */ = {isa = PBXFileReference; fileEncoding = 4; lastKnownFileType = sourcecode.swift; path = BlobUploader.swift; sourceTree = "<group>"; };
		B96A8E3725BCA76300F42B65 /* BlobCourierDelayedEventEmitter.swift */ = {isa = PBXFileReference; fileEncoding = 4; lastKnownFileType = sourcecode.swift; path = BlobCourierDelayedEventEmitter.swift; sourceTree = "<group>"; };
		B96A8F0825BCB1DA00F42B65 /* BlobCourier.m */ = {isa = PBXFileReference; fileEncoding = 4; lastKnownFileType = sourcecode.c.objc; path = BlobCourier.m; sourceTree = "<group>"; };
		B96A8FEB25BCB87E00F42B65 /* BlobCourierEventEmitter.m */ = {isa = PBXFileReference; fileEncoding = 4; lastKnownFileType = sourcecode.c.objc; path = BlobCourierEventEmitter.m; sourceTree = "<group>"; };
		B96A940A25BD847C00F42B65 /* BlobCourierEventEmitter.swift */ = {isa = PBXFileReference; lastKnownFileType = sourcecode.swift; path = BlobCourierEventEmitter.swift; sourceTree = "<group>"; };
		B96A96D725BDE55900F42B65 /* DownloadParameters.swift */ = {isa = PBXFileReference; lastKnownFileType = sourcecode.swift; path = DownloadParameters.swift; sourceTree = "<group>"; };
		B96A96FF25BDEA7D00F42B65 /* DownloaderParameterFactory.swift */ = {isa = PBXFileReference; fileEncoding = 4; lastKnownFileType = sourcecode.swift; path = DownloaderParameterFactory.swift; sourceTree = "<group>"; };
		B96A993B25BE166900F42B65 /* UploaderParameterFactory.swift */ = {isa = PBXFileReference; fileEncoding = 4; lastKnownFileType = sourcecode.swift; path = UploaderParameterFactory.swift; sourceTree = "<group>"; };
		B96A993C25BE166900F42B65 /* UploadParameters.swift */ = {isa = PBXFileReference; fileEncoding = 4; lastKnownFileType = sourcecode.swift; path = UploadParameters.swift; sourceTree = "<group>"; };
		B9AF756E25DF203800B68816 /* CancelController.swift */ = {isa = PBXFileReference; lastKnownFileType = sourcecode.swift; path = CancelController.swift; sourceTree = "<group>"; };
		B9AF756F25DF203800B68816 /* RequestCanceller.swift */ = {isa = PBXFileReference; lastKnownFileType = sourcecode.swift; path = RequestCanceller.swift; sourceTree = "<group>"; };
		B9AF75BD25DF29DF00B68816 /* CancelParameters.swift */ = {isa = PBXFileReference; fileEncoding = 4; lastKnownFileType = sourcecode.swift; path = CancelParameters.swift; sourceTree = "<group>"; };
		B9AF75BE25DF29DF00B68816 /* CancelParameterFactory.swift */ = {isa = PBXFileReference; fileEncoding = 4; lastKnownFileType = sourcecode.swift; path = CancelParameterFactory.swift; sourceTree = "<group>"; };
		CD3E37E6CC9783AD004D442E /* Pods-BlobCourierTests.debug.xcconfig */ = {isa = PBXFileReference; includeInIndex = 1; lastKnownFileType = text.xcconfig; name = "Pods-BlobCourierTests.debug.xcconfig"; path = "Target Support Files/Pods-BlobCourierTests/Pods-BlobCourierTests.debug.xcconfig"; sourceTree = "<group>"; };
		D44EAB7AD9AB7A05FB6884A9 /* Pods-BlobCourier.release.xcconfig */ = {isa = PBXFileReference; includeInIndex = 1; lastKnownFileType = text.xcconfig; name = "Pods-BlobCourier.release.xcconfig"; path = "Target Support Files/Pods-BlobCourier/Pods-BlobCourier.release.xcconfig"; sourceTree = "<group>"; };
		F4FF95D5245B92E700C19C63 /* BlobCourier-Bridging-Header.h */ = {isa = PBXFileReference; lastKnownFileType = sourcecode.c.h; path = "BlobCourier-Bridging-Header.h"; sourceTree = "<group>"; };
		F4FF95D6245B92E800C19C63 /* BlobCourier.swift */ = {isa = PBXFileReference; lastKnownFileType = sourcecode.swift; path = BlobCourier.swift; sourceTree = "<group>"; };
/* End PBXFileReference section */

/* Begin PBXFrameworksBuildPhase section */
		58B511D81A9E6C8500147676 /* Frameworks */ = {
			isa = PBXFrameworksBuildPhase;
			buildActionMask = 2147483647;
			files = (
				39BE76F54A8129B9E6AC4DCD /* libPods-BlobCourier.a in Frameworks */,
			);
			runOnlyForDeploymentPostprocessing = 0;
		};
		B96829E2254EC872002B4B04 /* Frameworks */ = {
			isa = PBXFrameworksBuildPhase;
			buildActionMask = 2147483647;
			files = (
				B96829EA254EC872002B4B04 /* libBlobCourier.a in Frameworks */,
				F209DAB66F0FF88ADCDDF8AC /* libPods-BlobCourierTests.a in Frameworks */,
			);
			runOnlyForDeploymentPostprocessing = 0;
		};
/* End PBXFrameworksBuildPhase section */

/* Begin PBXGroup section */
		010E44D9671183D486D1B1C0 /* Pods */ = {
			isa = PBXGroup;
			children = (
				3DD5C5A09015C3DEFFA162A9 /* Pods-BlobCourier.debug.xcconfig */,
				D44EAB7AD9AB7A05FB6884A9 /* Pods-BlobCourier.release.xcconfig */,
				CD3E37E6CC9783AD004D442E /* Pods-BlobCourierTests.debug.xcconfig */,
				3A3D01B0FFCB5DE19CF6B7C0 /* Pods-BlobCourierTests.release.xcconfig */,
			);
			path = Pods;
			sourceTree = "<group>";
		};
		134814211AA4EA7D00B7C361 /* Products */ = {
			isa = PBXGroup;
			children = (
				134814201AA4EA6300B7C361 /* libBlobCourier.a */,
			);
			name = Products;
			sourceTree = "<group>";
		};
		58B511D21A9E6C8500147676 = {
			isa = PBXGroup;
			children = (
				F4FF95D5245B92E700C19C63 /* BlobCourier-Bridging-Header.h */,
				B96A8F0825BCB1DA00F42B65 /* BlobCourier.m */,
				F4FF95D6245B92E800C19C63 /* BlobCourier.swift */,
				B96A8FEB25BCB87E00F42B65 /* BlobCourierEventEmitter.m */,
				B9AF756D25DF203800B68816 /* Cancel */,
				B96A888125BC565300F42B65 /* Common */,
				B96A888C25BC566300F42B65 /* Fetch */,
				B96A88AE25BC5EB800F42B65 /* Progress */,
				B96A945D25BD86AB00F42B65 /* React */,
				B96A889425BC567000F42B65 /* Upload */,
				B96829E6254EC872002B4B04 /* BlobCourierTests */,
				134814211AA4EA7D00B7C361 /* Products */,
				010E44D9671183D486D1B1C0 /* Pods */,
				B96829E5254EC872002B4B04 /* BlobCourierTests.xctest */,
				732456E281E93D8F6A11A787 /* Frameworks */,
			);
			sourceTree = "<group>";
		};
		732456E281E93D8F6A11A787 /* Frameworks */ = {
			isa = PBXGroup;
			children = (
				93E64DD0869D554D6174C4E4 /* libPods-BlobCourier.a */,
				8E1CD508F07776C31C2610E7 /* libPods-BlobCourierTests.a */,
			);
			name = Frameworks;
			sourceTree = "<group>";
		};
		B96829E6254EC872002B4B04 /* BlobCourierTests */ = {
			isa = PBXGroup;
			children = (
				B92C3A0F25935C2700630464 /* EmbeddedHttpServer.swift */,
				B96829E7254EC872002B4B04 /* BlobCourierTests.swift */,
				B96829E9254EC872002B4B04 /* Info.plist */,
			);
			path = BlobCourierTests;
			sourceTree = "<group>";
		};
		B96A888125BC565300F42B65 /* Common */ = {
			isa = PBXGroup;
			children = (
				B96A888225BC565300F42B65 /* Constants.swift */,
				B96A888325BC565300F42B65 /* Errors.swift */,
			);
			path = Common;
			sourceTree = "<group>";
		};
		B96A888C25BC566300F42B65 /* Fetch */ = {
			isa = PBXGroup;
			children = (
				B96A888D25BC566300F42B65 /* BlobDownloader.swift */,
				B940948F253DFC0800A58583 /* DownloaderDelegate.swift */,
				B96A96FF25BDEA7D00F42B65 /* DownloaderParameterFactory.swift */,
				B96A96D725BDE55900F42B65 /* DownloadParameters.swift */,
			);
			path = Fetch;
			sourceTree = "<group>";
		};
		B96A889425BC567000F42B65 /* Upload */ = {
			isa = PBXGroup;
			children = (
				B96A993B25BE166900F42B65 /* UploaderParameterFactory.swift */,
				B96A993C25BE166900F42B65 /* UploadParameters.swift */,
				B96A889525BC567000F42B65 /* BlobUploader.swift */,
				B9409539253E1F5800A58583 /* UploaderDelegate.swift */,
			);
			path = Upload;
			sourceTree = "<group>";
		};
		B96A88AE25BC5EB800F42B65 /* Progress */ = {
			isa = PBXGroup;
			children = (
				B96A8E3725BCA76300F42B65 /* BlobCourierDelayedEventEmitter.swift */,
			);
			path = Progress;
			sourceTree = "<group>";
		};
		B96A945D25BD86AB00F42B65 /* React */ = {
			isa = PBXGroup;
			children = (
				B96A940A25BD847C00F42B65 /* BlobCourierEventEmitter.swift */,
			);
			path = React;
			sourceTree = "<group>";
		};
		B9AF756D25DF203800B68816 /* Cancel */ = {
			isa = PBXGroup;
			children = (
				B9AF75BE25DF29DF00B68816 /* CancelParameterFactory.swift */,
				B9AF75BD25DF29DF00B68816 /* CancelParameters.swift */,
				B9AF756E25DF203800B68816 /* CancelController.swift */,
				B9AF756F25DF203800B68816 /* RequestCanceller.swift */,
			);
			path = Cancel;
			sourceTree = "<group>";
		};
/* End PBXGroup section */

/* Begin PBXNativeTarget section */
		58B511DA1A9E6C8500147676 /* BlobCourier */ = {
			isa = PBXNativeTarget;
			buildConfigurationList = 58B511EF1A9E6C8500147676 /* Build configuration list for PBXNativeTarget "BlobCourier" */;
			buildPhases = (
				A50A748EADFB27B73A5C10AA /* [CP] Check Pods Manifest.lock */,
				58B511D71A9E6C8500147676 /* Sources */,
				58B511D81A9E6C8500147676 /* Frameworks */,
				58B511D91A9E6C8500147676 /* CopyFiles */,
			);
			buildRules = (
			);
			dependencies = (
			);
			name = BlobCourier;
			productName = RCTDataManager;
			productReference = 134814201AA4EA6300B7C361 /* libBlobCourier.a */;
			productType = "com.apple.product-type.library.static";
		};
		B96829E4254EC872002B4B04 /* BlobCourierTests */ = {
			isa = PBXNativeTarget;
			buildConfigurationList = B96829ED254EC872002B4B04 /* Build configuration list for PBXNativeTarget "BlobCourierTests" */;
			buildPhases = (
				A4E44AACD00B01EC786D62D1 /* [CP] Check Pods Manifest.lock */,
				B96829E1254EC872002B4B04 /* Sources */,
				B96829E2254EC872002B4B04 /* Frameworks */,
				B96829E3254EC872002B4B04 /* Resources */,
				9C694E456F4E461EA6EC70CE /* [CP] Copy Pods Resources */,
			);
			buildRules = (
			);
			dependencies = (
				B96829EC254EC872002B4B04 /* PBXTargetDependency */,
			);
			name = BlobCourierTests;
			productName = BlobCourierTests;
			productReference = B96829E5254EC872002B4B04 /* BlobCourierTests.xctest */;
			productType = "com.apple.product-type.bundle.unit-test";
		};
/* End PBXNativeTarget section */

/* Begin PBXProject section */
		58B511D31A9E6C8500147676 /* Project object */ = {
			isa = PBXProject;
			attributes = {
				LastSwiftUpdateCheck = 1210;
				LastUpgradeCheck = 0920;
				ORGANIZATIONNAME = Facebook;
				TargetAttributes = {
					58B511DA1A9E6C8500147676 = {
						CreatedOnToolsVersion = 6.1.1;
					};
					B96829E4254EC872002B4B04 = {
						CreatedOnToolsVersion = 12.1;
						LastSwiftMigration = 1230;
						ProvisioningStyle = Automatic;
					};
				};
			};
			buildConfigurationList = 58B511D61A9E6C8500147676 /* Build configuration list for PBXProject "BlobCourier" */;
			compatibilityVersion = "Xcode 3.2";
			developmentRegion = English;
			hasScannedForEncodings = 0;
			knownRegions = (
				English,
				en,
			);
			mainGroup = 58B511D21A9E6C8500147676;
			productRefGroup = 58B511D21A9E6C8500147676;
			projectDirPath = "";
			projectRoot = "";
			targets = (
				58B511DA1A9E6C8500147676 /* BlobCourier */,
				B96829E4254EC872002B4B04 /* BlobCourierTests */,
			);
		};
/* End PBXProject section */

/* Begin PBXResourcesBuildPhase section */
		B96829E3254EC872002B4B04 /* Resources */ = {
			isa = PBXResourcesBuildPhase;
			buildActionMask = 2147483647;
			files = (
			);
			runOnlyForDeploymentPostprocessing = 0;
		};
/* End PBXResourcesBuildPhase section */

/* Begin PBXShellScriptBuildPhase section */
		9C694E456F4E461EA6EC70CE /* [CP] Copy Pods Resources */ = {
			isa = PBXShellScriptBuildPhase;
			buildActionMask = 2147483647;
			files = (
			);
			inputPaths = (
				"${PODS_ROOT}/Target Support Files/Pods-BlobCourierTests/Pods-BlobCourierTests-resources.sh",
				"${PODS_CONFIGURATION_BUILD_DIR}/React-Core/AccessibilityResources.bundle",
			);
			name = "[CP] Copy Pods Resources";
			outputPaths = (
				"${TARGET_BUILD_DIR}/${UNLOCALIZED_RESOURCES_FOLDER_PATH}/AccessibilityResources.bundle",
			);
			runOnlyForDeploymentPostprocessing = 0;
			shellPath = /bin/sh;
			shellScript = "\"${PODS_ROOT}/Target Support Files/Pods-BlobCourierTests/Pods-BlobCourierTests-resources.sh\"\n";
			showEnvVarsInLog = 0;
		};
		A4E44AACD00B01EC786D62D1 /* [CP] Check Pods Manifest.lock */ = {
			isa = PBXShellScriptBuildPhase;
			buildActionMask = 2147483647;
			files = (
			);
			inputFileListPaths = (
			);
			inputPaths = (
				"${PODS_PODFILE_DIR_PATH}/Podfile.lock",
				"${PODS_ROOT}/Manifest.lock",
			);
			name = "[CP] Check Pods Manifest.lock";
			outputFileListPaths = (
			);
			outputPaths = (
				"$(DERIVED_FILE_DIR)/Pods-BlobCourierTests-checkManifestLockResult.txt",
			);
			runOnlyForDeploymentPostprocessing = 0;
			shellPath = /bin/sh;
			shellScript = "diff \"${PODS_PODFILE_DIR_PATH}/Podfile.lock\" \"${PODS_ROOT}/Manifest.lock\" > /dev/null\nif [ $? != 0 ] ; then\n    # print error to STDERR\n    echo \"error: The sandbox is not in sync with the Podfile.lock. Run 'pod install' or update your CocoaPods installation.\" >&2\n    exit 1\nfi\n# This output is used by Xcode 'outputs' to avoid re-running this script phase.\necho \"SUCCESS\" > \"${SCRIPT_OUTPUT_FILE_0}\"\n";
			showEnvVarsInLog = 0;
		};
		A50A748EADFB27B73A5C10AA /* [CP] Check Pods Manifest.lock */ = {
			isa = PBXShellScriptBuildPhase;
			buildActionMask = 2147483647;
			files = (
			);
			inputFileListPaths = (
			);
			inputPaths = (
				"${PODS_PODFILE_DIR_PATH}/Podfile.lock",
				"${PODS_ROOT}/Manifest.lock",
			);
			name = "[CP] Check Pods Manifest.lock";
			outputFileListPaths = (
			);
			outputPaths = (
				"$(DERIVED_FILE_DIR)/Pods-BlobCourier-checkManifestLockResult.txt",
			);
			runOnlyForDeploymentPostprocessing = 0;
			shellPath = /bin/sh;
			shellScript = "diff \"${PODS_PODFILE_DIR_PATH}/Podfile.lock\" \"${PODS_ROOT}/Manifest.lock\" > /dev/null\nif [ $? != 0 ] ; then\n    # print error to STDERR\n    echo \"error: The sandbox is not in sync with the Podfile.lock. Run 'pod install' or update your CocoaPods installation.\" >&2\n    exit 1\nfi\n# This output is used by Xcode 'outputs' to avoid re-running this script phase.\necho \"SUCCESS\" > \"${SCRIPT_OUTPUT_FILE_0}\"\n";
			showEnvVarsInLog = 0;
		};
/* End PBXShellScriptBuildPhase section */

/* Begin PBXSourcesBuildPhase section */
		58B511D71A9E6C8500147676 /* Sources */ = {
			isa = PBXSourcesBuildPhase;
			buildActionMask = 2147483647;
			files = (
				B96A954A25BD8D3B00F42B65 /* BlobCourierEventEmitter.swift in Sources */,
				F4FF95D7245B92E800C19C63 /* BlobCourier.swift in Sources */,
				B96A993D25BE166900F42B65 /* UploaderParameterFactory.swift in Sources */,
				B96829DF254EC736002B4B04 /* DownloaderDelegate.swift in Sources */,
				B96A8FEC25BCB87E00F42B65 /* BlobCourierEventEmitter.m in Sources */,
				B96A8F0925BCB1DA00F42B65 /* BlobCourier.m in Sources */,
				B96A888E25BC566300F42B65 /* BlobDownloader.swift in Sources */,
				B96A970025BDEA7D00F42B65 /* DownloaderParameterFactory.swift in Sources */,
				B96A8E3925BCA76300F42B65 /* BlobCourierDelayedEventEmitter.swift in Sources */,
				B9AF75BF25DF29DF00B68816 /* CancelParameters.swift in Sources */,
				B96A889625BC567000F42B65 /* BlobUploader.swift in Sources */,
				B96A96D825BDE55900F42B65 /* DownloadParameters.swift in Sources */,
				B9AF759125DF263E00B68816 /* CancelController.swift in Sources */,
				B9AF75C025DF29DF00B68816 /* CancelParameterFactory.swift in Sources */,
				B96A888625BC565300F42B65 /* Errors.swift in Sources */,
				B96A888425BC565300F42B65 /* Constants.swift in Sources */,
				B96829D9254EC727002B4B04 /* UploaderDelegate.swift in Sources */,
				B9AF759925DF264E00B68816 /* RequestCanceller.swift in Sources */,
				B96A993F25BE166900F42B65 /* UploadParameters.swift in Sources */,
			);
			runOnlyForDeploymentPostprocessing = 0;
		};
		B96829E1254EC872002B4B04 /* Sources */ = {
			isa = PBXSourcesBuildPhase;
			buildActionMask = 2147483647;
			files = (
				B96A993E25BE166900F42B65 /* UploaderParameterFactory.swift in Sources */,
				B96A976925BDEC4D00F42B65 /* Constants.swift in Sources */,
				B96A976A25BDEC4D00F42B65 /* Errors.swift in Sources */,
				B96A8FED25BCB87E00F42B65 /* BlobCourierEventEmitter.m in Sources */,
				B96A994025BE166900F42B65 /* UploadParameters.swift in Sources */,
				B96A96D925BDE55900F42B65 /* DownloadParameters.swift in Sources */,
				B96A970125BDEA7D00F42B65 /* DownloaderParameterFactory.swift in Sources */,
				B96829E8254EC872002B4B04 /* BlobCourierTests.swift in Sources */,
				B92C3A1025935C2700630464 /* EmbeddedHttpServer.swift in Sources */,
				B96A8F0A25BCB1DA00F42B65 /* BlobCourier.m in Sources */,
			);
			runOnlyForDeploymentPostprocessing = 0;
		};
/* End PBXSourcesBuildPhase section */

/* Begin PBXTargetDependency section */
		B96829EC254EC872002B4B04 /* PBXTargetDependency */ = {
			isa = PBXTargetDependency;
			target = 58B511DA1A9E6C8500147676 /* BlobCourier */;
			targetProxy = B96829EB254EC872002B4B04 /* PBXContainerItemProxy */;
		};
/* End PBXTargetDependency section */

/* Begin XCBuildConfiguration section */
		58B511ED1A9E6C8500147676 /* Debug */ = {
			isa = XCBuildConfiguration;
			buildSettings = {
				ALWAYS_SEARCH_USER_PATHS = NO;
				CLANG_CXX_LANGUAGE_STANDARD = "gnu++0x";
				CLANG_CXX_LIBRARY = "libc++";
				CLANG_ENABLE_MODULES = YES;
				CLANG_ENABLE_OBJC_ARC = YES;
				CLANG_WARN_BLOCK_CAPTURE_AUTORELEASING = YES;
				CLANG_WARN_BOOL_CONVERSION = YES;
				CLANG_WARN_COMMA = YES;
				CLANG_WARN_CONSTANT_CONVERSION = YES;
				CLANG_WARN_DIRECT_OBJC_ISA_USAGE = YES_ERROR;
				CLANG_WARN_EMPTY_BODY = YES;
				CLANG_WARN_ENUM_CONVERSION = YES;
				CLANG_WARN_INFINITE_RECURSION = YES;
				CLANG_WARN_INT_CONVERSION = YES;
				CLANG_WARN_NON_LITERAL_NULL_CONVERSION = YES;
				CLANG_WARN_OBJC_LITERAL_CONVERSION = YES;
				CLANG_WARN_OBJC_ROOT_CLASS = YES_ERROR;
				CLANG_WARN_RANGE_LOOP_ANALYSIS = YES;
				CLANG_WARN_STRICT_PROTOTYPES = YES;
				CLANG_WARN_SUSPICIOUS_MOVE = YES;
				CLANG_WARN_UNREACHABLE_CODE = YES;
				CLANG_WARN__DUPLICATE_METHOD_MATCH = YES;
				COPY_PHASE_STRIP = NO;
				ENABLE_STRICT_OBJC_MSGSEND = YES;
				ENABLE_TESTABILITY = YES;
				GCC_C_LANGUAGE_STANDARD = gnu99;
				GCC_DYNAMIC_NO_PIC = NO;
				GCC_NO_COMMON_BLOCKS = YES;
				GCC_OPTIMIZATION_LEVEL = 0;
				GCC_PREPROCESSOR_DEFINITIONS = (
					"DEBUG=1",
					"$(inherited)",
				);
				GCC_SYMBOLS_PRIVATE_EXTERN = NO;
				GCC_WARN_64_TO_32_BIT_CONVERSION = YES;
				GCC_WARN_ABOUT_RETURN_TYPE = YES_ERROR;
				GCC_WARN_UNDECLARED_SELECTOR = YES;
				GCC_WARN_UNINITIALIZED_AUTOS = YES_AGGRESSIVE;
				GCC_WARN_UNUSED_FUNCTION = YES;
				GCC_WARN_UNUSED_VARIABLE = YES;
				IPHONEOS_DEPLOYMENT_TARGET = 8.0;
				MTL_ENABLE_DEBUG_INFO = YES;
				ONLY_ACTIVE_ARCH = YES;
				SDKROOT = iphoneos;
			};
			name = Debug;
		};
		58B511EE1A9E6C8500147676 /* Release */ = {
			isa = XCBuildConfiguration;
			buildSettings = {
				ALWAYS_SEARCH_USER_PATHS = NO;
				CLANG_CXX_LANGUAGE_STANDARD = "gnu++0x";
				CLANG_CXX_LIBRARY = "libc++";
				CLANG_ENABLE_MODULES = YES;
				CLANG_ENABLE_OBJC_ARC = YES;
				CLANG_WARN_BLOCK_CAPTURE_AUTORELEASING = YES;
				CLANG_WARN_BOOL_CONVERSION = YES;
				CLANG_WARN_COMMA = YES;
				CLANG_WARN_CONSTANT_CONVERSION = YES;
				CLANG_WARN_DIRECT_OBJC_ISA_USAGE = YES_ERROR;
				CLANG_WARN_EMPTY_BODY = YES;
				CLANG_WARN_ENUM_CONVERSION = YES;
				CLANG_WARN_INFINITE_RECURSION = YES;
				CLANG_WARN_INT_CONVERSION = YES;
				CLANG_WARN_NON_LITERAL_NULL_CONVERSION = YES;
				CLANG_WARN_OBJC_LITERAL_CONVERSION = YES;
				CLANG_WARN_OBJC_ROOT_CLASS = YES_ERROR;
				CLANG_WARN_RANGE_LOOP_ANALYSIS = YES;
				CLANG_WARN_STRICT_PROTOTYPES = YES;
				CLANG_WARN_SUSPICIOUS_MOVE = YES;
				CLANG_WARN_UNREACHABLE_CODE = YES;
				CLANG_WARN__DUPLICATE_METHOD_MATCH = YES;
				COPY_PHASE_STRIP = YES;
				ENABLE_NS_ASSERTIONS = NO;
				ENABLE_STRICT_OBJC_MSGSEND = YES;
				GCC_C_LANGUAGE_STANDARD = gnu99;
				GCC_NO_COMMON_BLOCKS = YES;
				GCC_WARN_64_TO_32_BIT_CONVERSION = YES;
				GCC_WARN_ABOUT_RETURN_TYPE = YES_ERROR;
				GCC_WARN_UNDECLARED_SELECTOR = YES;
				GCC_WARN_UNINITIALIZED_AUTOS = YES_AGGRESSIVE;
				GCC_WARN_UNUSED_FUNCTION = YES;
				GCC_WARN_UNUSED_VARIABLE = YES;
				IPHONEOS_DEPLOYMENT_TARGET = 8.0;
				MTL_ENABLE_DEBUG_INFO = NO;
				SDKROOT = iphoneos;
				VALIDATE_PRODUCT = YES;
			};
			name = Release;
		};
		58B511F01A9E6C8500147676 /* Debug */ = {
			isa = XCBuildConfiguration;
			baseConfigurationReference = 3DD5C5A09015C3DEFFA162A9 /* Pods-BlobCourier.debug.xcconfig */;
			buildSettings = {
				HEADER_SEARCH_PATHS = (
					"$(inherited)",
					/Applications/Xcode.app/Contents/Developer/Toolchains/XcodeDefault.xctoolchain/usr/include,
					"$(SRCROOT)/../../../React/**",
					"$(SRCROOT)/../../react-native/React/**",
					"${SRCROOT}",
				);
				LIBRARY_SEARCH_PATHS = "$(inherited)";
				OTHER_LDFLAGS = "-ObjC";
				PRODUCT_NAME = BlobCourier;
				SKIP_INSTALL = YES;
				SWIFT_OBJC_BRIDGING_HEADER = "BlobCourier-Bridging-Header.h";
				SWIFT_OPTIMIZATION_LEVEL = "-Onone";
				SWIFT_VERSION = 5.0;
			};
			name = Debug;
		};
		58B511F11A9E6C8500147676 /* Release */ = {
			isa = XCBuildConfiguration;
			baseConfigurationReference = D44EAB7AD9AB7A05FB6884A9 /* Pods-BlobCourier.release.xcconfig */;
			buildSettings = {
				HEADER_SEARCH_PATHS = (
					"$(inherited)",
					/Applications/Xcode.app/Contents/Developer/Toolchains/XcodeDefault.xctoolchain/usr/include,
					"$(SRCROOT)/../../../React/**",
					"$(SRCROOT)/../../react-native/React/**",
					"${SRCROOT}",
				);
				LIBRARY_SEARCH_PATHS = "$(inherited)";
				OTHER_LDFLAGS = "-ObjC";
				PRODUCT_NAME = BlobCourier;
				SKIP_INSTALL = YES;
				SWIFT_OBJC_BRIDGING_HEADER = "BlobCourier-Bridging-Header.h";
				SWIFT_VERSION = 5.0;
			};
			name = Release;
		};
		B96829EE254EC872002B4B04 /* Debug */ = {
			isa = XCBuildConfiguration;
			baseConfigurationReference = CD3E37E6CC9783AD004D442E /* Pods-BlobCourierTests.debug.xcconfig */;
			buildSettings = {
				BUNDLE_LOADER = "";
				CLANG_ANALYZER_NONNULL = YES;
				CLANG_ANALYZER_NUMBER_OBJECT_CONVERSION = YES_AGGRESSIVE;
				CLANG_CXX_LANGUAGE_STANDARD = "gnu++14";
				CLANG_ENABLE_MODULES = YES;
				CLANG_ENABLE_OBJC_WEAK = YES;
				CLANG_WARN_DEPRECATED_OBJC_IMPLEMENTATIONS = YES;
				CLANG_WARN_DOCUMENTATION_COMMENTS = YES;
				CLANG_WARN_OBJC_IMPLICIT_RETAIN_SELF = YES;
				CLANG_WARN_QUOTED_INCLUDE_IN_FRAMEWORK_HEADER = YES;
				CLANG_WARN_UNGUARDED_AVAILABILITY = YES_AGGRESSIVE;
				CODE_SIGN_STYLE = Automatic;
				DEBUG_INFORMATION_FORMAT = dwarf;
				GCC_C_LANGUAGE_STANDARD = gnu11;
				INFOPLIST_FILE = BlobCourierTests/Info.plist;
				IPHONEOS_DEPLOYMENT_TARGET = 10.3;
				LD_RUNPATH_SEARCH_PATHS = "$(inherited) @executable_path/Frameworks @loader_path/Frameworks";
				MTL_ENABLE_DEBUG_INFO = INCLUDE_SOURCE;
				MTL_FAST_MATH = YES;
				PRODUCT_BUNDLE_IDENTIFIER = io.deckers.BlobCourierTests;
				PRODUCT_NAME = "$(TARGET_NAME)";
				SWIFT_ACTIVE_COMPILATION_CONDITIONS = DEBUG;
				SWIFT_OPTIMIZATION_LEVEL = "-Onone";
				SWIFT_VERSION = 5.0;
				TARGETED_DEVICE_FAMILY = "1,2";
			};
			name = Debug;
		};
		B96829EF254EC872002B4B04 /* Release */ = {
			isa = XCBuildConfiguration;
			baseConfigurationReference = 3A3D01B0FFCB5DE19CF6B7C0 /* Pods-BlobCourierTests.release.xcconfig */;
			buildSettings = {
				BUNDLE_LOADER = "";
				CLANG_ANALYZER_NONNULL = YES;
				CLANG_ANALYZER_NUMBER_OBJECT_CONVERSION = YES_AGGRESSIVE;
				CLANG_CXX_LANGUAGE_STANDARD = "gnu++14";
				CLANG_ENABLE_MODULES = YES;
				CLANG_ENABLE_OBJC_WEAK = YES;
				CLANG_WARN_DEPRECATED_OBJC_IMPLEMENTATIONS = YES;
				CLANG_WARN_DOCUMENTATION_COMMENTS = YES;
				CLANG_WARN_OBJC_IMPLICIT_RETAIN_SELF = YES;
				CLANG_WARN_QUOTED_INCLUDE_IN_FRAMEWORK_HEADER = YES;
				CLANG_WARN_UNGUARDED_AVAILABILITY = YES_AGGRESSIVE;
				CODE_SIGN_STYLE = Automatic;
				COPY_PHASE_STRIP = NO;
				DEBUG_INFORMATION_FORMAT = "dwarf-with-dsym";
				GCC_C_LANGUAGE_STANDARD = gnu11;
				INFOPLIST_FILE = BlobCourierTests/Info.plist;
				IPHONEOS_DEPLOYMENT_TARGET = 10.3;
				LD_RUNPATH_SEARCH_PATHS = "$(inherited) @executable_path/Frameworks @loader_path/Frameworks";
				MTL_FAST_MATH = YES;
				PRODUCT_BUNDLE_IDENTIFIER = io.deckers.BlobCourierTests;
				PRODUCT_NAME = "$(TARGET_NAME)";
				SWIFT_OPTIMIZATION_LEVEL = "-Owholemodule";
				SWIFT_VERSION = 5.0;
				TARGETED_DEVICE_FAMILY = "1,2";
			};
			name = Release;
		};
/* End XCBuildConfiguration section */

/* Begin XCConfigurationList section */
		58B511D61A9E6C8500147676 /* Build configuration list for PBXProject "BlobCourier" */ = {
			isa = XCConfigurationList;
			buildConfigurations = (
				58B511ED1A9E6C8500147676 /* Debug */,
				58B511EE1A9E6C8500147676 /* Release */,
			);
			defaultConfigurationIsVisible = 0;
			defaultConfigurationName = Release;
		};
		58B511EF1A9E6C8500147676 /* Build configuration list for PBXNativeTarget "BlobCourier" */ = {
			isa = XCConfigurationList;
			buildConfigurations = (
				58B511F01A9E6C8500147676 /* Debug */,
				58B511F11A9E6C8500147676 /* Release */,
			);
			defaultConfigurationIsVisible = 0;
			defaultConfigurationName = Release;
		};
		B96829ED254EC872002B4B04 /* Build configuration list for PBXNativeTarget "BlobCourierTests" */ = {
			isa = XCConfigurationList;
			buildConfigurations = (
				B96829EE254EC872002B4B04 /* Debug */,
				B96829EF254EC872002B4B04 /* Release */,
			);
			defaultConfigurationIsVisible = 0;
			defaultConfigurationName = Release;
		};
/* End XCConfigurationList section */
	};
	rootObject = 58B511D31A9E6C8500147676 /* Project object */;
}
