// !$*UTF8*$!
{
	archiveVersion = 1;
	classes = {
	};
	objectVersion = 46;
	objects = {

/* Begin PBXBuildFile section */
		4FE57FA32AB062D2C02046FC /* Pods_BlobCourier.framework in Frameworks */ = {isa = PBXBuildFile; fileRef = 3E7061D9BB42686E43B842F1 /* Pods_BlobCourier.framework */; };
		9E7ACE2A91119EDFBE772FAC /* Pods_BlobCourier_BlobCourierTests.framework in Frameworks */ = {isa = PBXBuildFile; fileRef = 664603EE079B6D1526FE70F8 /* Pods_BlobCourier_BlobCourierTests.framework */; };
		B92C3A1025935C2700630464 /* EmbeddedHttpServer.swift in Sources */ = {isa = PBXBuildFile; fileRef = B92C3A0F25935C2700630464 /* EmbeddedHttpServer.swift */; };
		B96829D7254EC721002B4B04 /* BlobCourierDelayedEventEmitter.swift in Sources */ = {isa = PBXBuildFile; fileRef = B9229D282540E153000175D8 /* BlobCourierDelayedEventEmitter.swift */; };
		B96829D9254EC727002B4B04 /* UploaderDelegate.swift in Sources */ = {isa = PBXBuildFile; fileRef = B9409539253E1F5800A58583 /* UploaderDelegate.swift */; };
		B96829DD254EC730002B4B04 /* BlobCourierEventEmitter.swift in Sources */ = {isa = PBXBuildFile; fileRef = B94094E3253E107400A58583 /* BlobCourierEventEmitter.swift */; };
		B96829DF254EC736002B4B04 /* DownloaderDelegate.swift in Sources */ = {isa = PBXBuildFile; fileRef = B940948F253DFC0800A58583 /* DownloaderDelegate.swift */; };
		B96829E8254EC872002B4B04 /* BlobCourierTests.swift in Sources */ = {isa = PBXBuildFile; fileRef = B96829E7254EC872002B4B04 /* BlobCourierTests.swift */; };
		B96829EA254EC872002B4B04 /* libBlobCourier.a in Frameworks */ = {isa = PBXBuildFile; fileRef = 134814201AA4EA6300B7C361 /* libBlobCourier.a */; };
		B96A888425BC565300F42B65 /* Constants.swift in Sources */ = {isa = PBXBuildFile; fileRef = B96A888225BC565300F42B65 /* Constants.swift */; };
		B96A888525BC565300F42B65 /* Constants.swift in Sources */ = {isa = PBXBuildFile; fileRef = B96A888225BC565300F42B65 /* Constants.swift */; };
		B96A888625BC565300F42B65 /* Errors.swift in Sources */ = {isa = PBXBuildFile; fileRef = B96A888325BC565300F42B65 /* Errors.swift */; };
		B96A888725BC565300F42B65 /* Errors.swift in Sources */ = {isa = PBXBuildFile; fileRef = B96A888325BC565300F42B65 /* Errors.swift */; };
		B96A888E25BC566300F42B65 /* BlobDownloader.swift in Sources */ = {isa = PBXBuildFile; fileRef = B96A888D25BC566300F42B65 /* BlobDownloader.swift */; };
		B96A888F25BC566300F42B65 /* BlobDownloader.swift in Sources */ = {isa = PBXBuildFile; fileRef = B96A888D25BC566300F42B65 /* BlobDownloader.swift */; };
		B96A889625BC567000F42B65 /* BlobUploader.swift in Sources */ = {isa = PBXBuildFile; fileRef = B96A889525BC567000F42B65 /* BlobUploader.swift */; };
		B96A889725BC567000F42B65 /* BlobUploader.swift in Sources */ = {isa = PBXBuildFile; fileRef = B96A889525BC567000F42B65 /* BlobUploader.swift */; };
		B96A88A225BC5E7200F42B65 /* DownloaderDelegate.swift in Sources */ = {isa = PBXBuildFile; fileRef = B940948F253DFC0800A58583 /* DownloaderDelegate.swift */; };
		B96A88A725BC5E7800F42B65 /* UploaderDelegate.swift in Sources */ = {isa = PBXBuildFile; fileRef = B9409539253E1F5800A58583 /* UploaderDelegate.swift */; };
		B96A8B2825BC807200F42B65 /* BlobCourierEventEmitter.swift in Sources */ = {isa = PBXBuildFile; fileRef = B94094E3253E107400A58583 /* BlobCourierEventEmitter.swift */; };
		B96A8B2B25BC808000F42B65 /* BlobCourierDelayedEventEmitter.swift in Sources */ = {isa = PBXBuildFile; fileRef = B9229D282540E153000175D8 /* BlobCourierDelayedEventEmitter.swift */; };
		F4FF95D7245B92E800C19C63 /* BlobCourier.swift in Sources */ = {isa = PBXBuildFile; fileRef = F4FF95D6245B92E800C19C63 /* BlobCourier.swift */; };
/* End PBXBuildFile section */

/* Begin PBXContainerItemProxy section */
		B96829EB254EC872002B4B04 /* PBXContainerItemProxy */ = {
			isa = PBXContainerItemProxy;
			containerPortal = 58B511D31A9E6C8500147676 /* Project object */;
			proxyType = 1;
			remoteGlobalIDString = 58B511DA1A9E6C8500147676;
			remoteInfo = BlobCourier;
		};
/* End PBXContainerItemProxy section */

/* Begin PBXCopyFilesBuildPhase section */
		58B511D91A9E6C8500147676 /* CopyFiles */ = {
			isa = PBXCopyFilesBuildPhase;
			buildActionMask = 2147483647;
			dstPath = "include/$(PRODUCT_NAME)";
			dstSubfolderSpec = 16;
			files = (
			);
			runOnlyForDeploymentPostprocessing = 0;
		};
/* End PBXCopyFilesBuildPhase section */

/* Begin PBXFileReference section */
		10B032D44FB78B1BA98E71FC /* Pods-BlobCourierTests.debug.xcconfig */ = {isa = PBXFileReference; includeInIndex = 1; lastKnownFileType = text.xcconfig; name = "Pods-BlobCourierTests.debug.xcconfig"; path = "Target Support Files/Pods-BlobCourierTests/Pods-BlobCourierTests.debug.xcconfig"; sourceTree = "<group>"; };
		134814201AA4EA6300B7C361 /* libBlobCourier.a */ = {isa = PBXFileReference; explicitFileType = archive.ar; includeInIndex = 0; path = libBlobCourier.a; sourceTree = BUILT_PRODUCTS_DIR; };
		1F84521322E35DA71243F60F /* Pods-BlobCourier-BlobCourierTests.debug.xcconfig */ = {isa = PBXFileReference; includeInIndex = 1; lastKnownFileType = text.xcconfig; name = "Pods-BlobCourier-BlobCourierTests.debug.xcconfig"; path = "Target Support Files/Pods-BlobCourier-BlobCourierTests/Pods-BlobCourier-BlobCourierTests.debug.xcconfig"; sourceTree = "<group>"; };
		28F8FA1CE36E51660EA2B020 /* Pods-BlobCourierTests.release.xcconfig */ = {isa = PBXFileReference; includeInIndex = 1; lastKnownFileType = text.xcconfig; name = "Pods-BlobCourierTests.release.xcconfig"; path = "Target Support Files/Pods-BlobCourierTests/Pods-BlobCourierTests.release.xcconfig"; sourceTree = "<group>"; };
		3E7061D9BB42686E43B842F1 /* Pods_BlobCourier.framework */ = {isa = PBXFileReference; explicitFileType = wrapper.framework; includeInIndex = 0; path = Pods_BlobCourier.framework; sourceTree = BUILT_PRODUCTS_DIR; };
		664603EE079B6D1526FE70F8 /* Pods_BlobCourier_BlobCourierTests.framework */ = {isa = PBXFileReference; explicitFileType = wrapper.framework; includeInIndex = 0; path = Pods_BlobCourier_BlobCourierTests.framework; sourceTree = BUILT_PRODUCTS_DIR; };
		7487E74E1A0C30B41CC57453 /* Pods-BlobCourier-BlobCourierTests.release.xcconfig */ = {isa = PBXFileReference; includeInIndex = 1; lastKnownFileType = text.xcconfig; name = "Pods-BlobCourier-BlobCourierTests.release.xcconfig"; path = "Target Support Files/Pods-BlobCourier-BlobCourierTests/Pods-BlobCourier-BlobCourierTests.release.xcconfig"; sourceTree = "<group>"; };
		B3E7B5891CC2AC0600A0062D /* BlobCourier.m */ = {isa = PBXFileReference; fileEncoding = 4; lastKnownFileType = sourcecode.c.objc; path = BlobCourier.m; sourceTree = "<group>"; };
		B9229D282540E153000175D8 /* BlobCourierDelayedEventEmitter.swift */ = {isa = PBXFileReference; lastKnownFileType = sourcecode.swift; path = BlobCourierDelayedEventEmitter.swift; sourceTree = "<group>"; };
		B9229D292540E153000175D8 /* BlobCourierDelayedEventEmitter.m */ = {isa = PBXFileReference; lastKnownFileType = sourcecode.c.objc; path = BlobCourierDelayedEventEmitter.m; sourceTree = "<group>"; };
		B92C3A0F25935C2700630464 /* EmbeddedHttpServer.swift */ = {isa = PBXFileReference; fileEncoding = 4; lastKnownFileType = sourcecode.swift; path = EmbeddedHttpServer.swift; sourceTree = "<group>"; };
		B940948F253DFC0800A58583 /* DownloaderDelegate.swift */ = {isa = PBXFileReference; lastKnownFileType = sourcecode.swift; path = DownloaderDelegate.swift; sourceTree = "<group>"; };
		B94094E2253E0C2900A58583 /* DownloaderDelegate.m */ = {isa = PBXFileReference; lastKnownFileType = sourcecode.c.objc; path = DownloaderDelegate.m; sourceTree = "<group>"; };
		B94094E3253E107400A58583 /* BlobCourierEventEmitter.swift */ = {isa = PBXFileReference; lastKnownFileType = sourcecode.swift; path = BlobCourierEventEmitter.swift; sourceTree = "<group>"; };
		B94094E4253E107400A58583 /* BlobCourierEventEmitter.m */ = {isa = PBXFileReference; lastKnownFileType = sourcecode.c.objc; path = BlobCourierEventEmitter.m; sourceTree = "<group>"; };
		B9409539253E1F5800A58583 /* UploaderDelegate.swift */ = {isa = PBXFileReference; lastKnownFileType = sourcecode.swift; path = UploaderDelegate.swift; sourceTree = "<group>"; };
		B940953A253E1F5800A58583 /* UploaderDelegate.m */ = {isa = PBXFileReference; lastKnownFileType = sourcecode.c.objc; path = UploaderDelegate.m; sourceTree = "<group>"; };
		B96829E5254EC872002B4B04 /* BlobCourierTests.xctest */ = {isa = PBXFileReference; explicitFileType = wrapper.cfbundle; includeInIndex = 0; path = BlobCourierTests.xctest; sourceTree = BUILT_PRODUCTS_DIR; };
		B96829E7254EC872002B4B04 /* BlobCourierTests.swift */ = {isa = PBXFileReference; lastKnownFileType = sourcecode.swift; path = BlobCourierTests.swift; sourceTree = "<group>"; };
		B96829E9254EC872002B4B04 /* Info.plist */ = {isa = PBXFileReference; lastKnownFileType = text.plist.xml; path = Info.plist; sourceTree = "<group>"; };
		B96A888225BC565300F42B65 /* Constants.swift */ = {isa = PBXFileReference; fileEncoding = 4; lastKnownFileType = sourcecode.swift; path = Constants.swift; sourceTree = "<group>"; };
		B96A888325BC565300F42B65 /* Errors.swift */ = {isa = PBXFileReference; fileEncoding = 4; lastKnownFileType = sourcecode.swift; path = Errors.swift; sourceTree = "<group>"; };
		B96A888D25BC566300F42B65 /* BlobDownloader.swift */ = {isa = PBXFileReference; fileEncoding = 4; lastKnownFileType = sourcecode.swift; path = BlobDownloader.swift; sourceTree = "<group>"; };
		B96A889525BC567000F42B65 /* BlobUploader.swift */ = {isa = PBXFileReference; fileEncoding = 4; lastKnownFileType = sourcecode.swift; path = BlobUploader.swift; sourceTree = "<group>"; };
		E431917845347E135BAF189E /* Pods-BlobCourier.release.xcconfig */ = {isa = PBXFileReference; includeInIndex = 1; lastKnownFileType = text.xcconfig; name = "Pods-BlobCourier.release.xcconfig"; path = "Target Support Files/Pods-BlobCourier/Pods-BlobCourier.release.xcconfig"; sourceTree = "<group>"; };
		F0F8F7008E715FB238D44E2E /* Pods-BlobCourier.debug.xcconfig */ = {isa = PBXFileReference; includeInIndex = 1; lastKnownFileType = text.xcconfig; name = "Pods-BlobCourier.debug.xcconfig"; path = "Target Support Files/Pods-BlobCourier/Pods-BlobCourier.debug.xcconfig"; sourceTree = "<group>"; };
		F4FF95D5245B92E700C19C63 /* BlobCourier-Bridging-Header.h */ = {isa = PBXFileReference; lastKnownFileType = sourcecode.c.h; path = "BlobCourier-Bridging-Header.h"; sourceTree = "<group>"; };
		F4FF95D6245B92E800C19C63 /* BlobCourier.swift */ = {isa = PBXFileReference; lastKnownFileType = sourcecode.swift; path = BlobCourier.swift; sourceTree = "<group>"; };
/* End PBXFileReference section */

/* Begin PBXFrameworksBuildPhase section */
		58B511D81A9E6C8500147676 /* Frameworks */ = {
			isa = PBXFrameworksBuildPhase;
			buildActionMask = 2147483647;
			files = (
				4FE57FA32AB062D2C02046FC /* Pods_BlobCourier.framework in Frameworks */,
			);
			runOnlyForDeploymentPostprocessing = 0;
		};
		B96829E2254EC872002B4B04 /* Frameworks */ = {
			isa = PBXFrameworksBuildPhase;
			buildActionMask = 2147483647;
			files = (
				B96829EA254EC872002B4B04 /* libBlobCourier.a in Frameworks */,
				9E7ACE2A91119EDFBE772FAC /* Pods_BlobCourier_BlobCourierTests.framework in Frameworks */,
			);
			runOnlyForDeploymentPostprocessing = 0;
		};
/* End PBXFrameworksBuildPhase section */

/* Begin PBXGroup section */
		010E44D9671183D486D1B1C0 /* Pods */ = {
			isa = PBXGroup;
			children = (
				F0F8F7008E715FB238D44E2E /* Pods-BlobCourier.debug.xcconfig */,
				E431917845347E135BAF189E /* Pods-BlobCourier.release.xcconfig */,
				10B032D44FB78B1BA98E71FC /* Pods-BlobCourierTests.debug.xcconfig */,
				28F8FA1CE36E51660EA2B020 /* Pods-BlobCourierTests.release.xcconfig */,
				1F84521322E35DA71243F60F /* Pods-BlobCourier-BlobCourierTests.debug.xcconfig */,
				7487E74E1A0C30B41CC57453 /* Pods-BlobCourier-BlobCourierTests.release.xcconfig */,
			);
			path = Pods;
			sourceTree = "<group>";
		};
		134814211AA4EA7D00B7C361 /* Products */ = {
			isa = PBXGroup;
			children = (
				134814201AA4EA6300B7C361 /* libBlobCourier.a */,
			);
			name = Products;
			sourceTree = "<group>";
		};
		36229AAD7F0D4D71473C5335 /* Frameworks */ = {
			isa = PBXGroup;
			children = (
				3E7061D9BB42686E43B842F1 /* Pods_BlobCourier.framework */,
				664603EE079B6D1526FE70F8 /* Pods_BlobCourier_BlobCourierTests.framework */,
			);
			name = Frameworks;
			sourceTree = "<group>";
		};
		58B511D21A9E6C8500147676 = {
			isa = PBXGroup;
			children = (
				B96A888125BC565300F42B65 /* Common */,
				B96A888C25BC566300F42B65 /* Fetch */,
				B96A88AE25BC5EB800F42B65 /* Progress */,
				B96A889425BC567000F42B65 /* Upload */,
				F4FF95D6245B92E800C19C63 /* BlobCourier.swift */,
				B3E7B5891CC2AC0600A0062D /* BlobCourier.m */,
				F4FF95D5245B92E700C19C63 /* BlobCourier-Bridging-Header.h */,
				B96829E6254EC872002B4B04 /* BlobCourierTests */,
				134814211AA4EA7D00B7C361 /* Products */,
				010E44D9671183D486D1B1C0 /* Pods */,
				36229AAD7F0D4D71473C5335 /* Frameworks */,
				B96829E5254EC872002B4B04 /* BlobCourierTests.xctest */,
			);
			sourceTree = "<group>";
		};
		B96829E6254EC872002B4B04 /* BlobCourierTests */ = {
			isa = PBXGroup;
			children = (
				B92C3A0F25935C2700630464 /* EmbeddedHttpServer.swift */,
				B96829E7254EC872002B4B04 /* BlobCourierTests.swift */,
				B96829E9254EC872002B4B04 /* Info.plist */,
			);
			path = BlobCourierTests;
			sourceTree = "<group>";
		};
		B96A888125BC565300F42B65 /* Common */ = {
			isa = PBXGroup;
			children = (
				B96A888225BC565300F42B65 /* Constants.swift */,
				B96A888325BC565300F42B65 /* Errors.swift */,
			);
			path = Common;
			sourceTree = "<group>";
		};
		B96A888C25BC566300F42B65 /* Fetch */ = {
			isa = PBXGroup;
			children = (
				B94094E2253E0C2900A58583 /* DownloaderDelegate.m */,
				B96A888D25BC566300F42B65 /* BlobDownloader.swift */,
				B940948F253DFC0800A58583 /* DownloaderDelegate.swift */,
			);
			path = Fetch;
			sourceTree = "<group>";
		};
		B96A889425BC567000F42B65 /* Upload */ = {
			isa = PBXGroup;
			children = (
				B96A889525BC567000F42B65 /* BlobUploader.swift */,
				B940953A253E1F5800A58583 /* UploaderDelegate.m */,
				B9409539253E1F5800A58583 /* UploaderDelegate.swift */,
			);
			path = Upload;
			sourceTree = "<group>";
		};
		B96A88AE25BC5EB800F42B65 /* Progress */ = {
			isa = PBXGroup;
			children = (
				B9229D292540E153000175D8 /* BlobCourierDelayedEventEmitter.m */,
				B9229D282540E153000175D8 /* BlobCourierDelayedEventEmitter.swift */,
				B94094E4253E107400A58583 /* BlobCourierEventEmitter.m */,
				B94094E3253E107400A58583 /* BlobCourierEventEmitter.swift */,
			);
			path = Progress;
			sourceTree = "<group>";
		};
/* End PBXGroup section */

/* Begin PBXNativeTarget section */
		58B511DA1A9E6C8500147676 /* BlobCourier */ = {
			isa = PBXNativeTarget;
			buildConfigurationList = 58B511EF1A9E6C8500147676 /* Build configuration list for PBXNativeTarget "BlobCourier" */;
			buildPhases = (
				499C0CEEE765BAEB706A9434 /* [CP] Check Pods Manifest.lock */,
				58B511D71A9E6C8500147676 /* Sources */,
				58B511D81A9E6C8500147676 /* Frameworks */,
				58B511D91A9E6C8500147676 /* CopyFiles */,
			);
			buildRules = (
			);
			dependencies = (
			);
			name = BlobCourier;
			productName = RCTDataManager;
			productReference = 134814201AA4EA6300B7C361 /* libBlobCourier.a */;
			productType = "com.apple.product-type.library.static";
		};
		B96829E4254EC872002B4B04 /* BlobCourierTests */ = {
			isa = PBXNativeTarget;
			buildConfigurationList = B96829ED254EC872002B4B04 /* Build configuration list for PBXNativeTarget "BlobCourierTests" */;
			buildPhases = (
				E87DD1CFD99FB1A56DB03C05 /* [CP] Check Pods Manifest.lock */,
				B96829E1254EC872002B4B04 /* Sources */,
				B96829E2254EC872002B4B04 /* Frameworks */,
				B96829E3254EC872002B4B04 /* Resources */,
				2798E2500A18D096D7C2E004 /* [CP] Embed Pods Frameworks */,
			);
			buildRules = (
			);
			dependencies = (
				B96829EC254EC872002B4B04 /* PBXTargetDependency */,
			);
			name = BlobCourierTests;
			productName = BlobCourierTests;
			productReference = B96829E5254EC872002B4B04 /* BlobCourierTests.xctest */;
			productType = "com.apple.product-type.bundle.unit-test";
		};
/* End PBXNativeTarget section */

/* Begin PBXProject section */
		58B511D31A9E6C8500147676 /* Project object */ = {
			isa = PBXProject;
			attributes = {
				LastSwiftUpdateCheck = 1210;
				LastUpgradeCheck = 0920;
				ORGANIZATIONNAME = Facebook;
				TargetAttributes = {
					58B511DA1A9E6C8500147676 = {
						CreatedOnToolsVersion = 6.1.1;
					};
					B96829E4254EC872002B4B04 = {
						CreatedOnToolsVersion = 12.1;
						ProvisioningStyle = Automatic;
					};
				};
			};
			buildConfigurationList = 58B511D61A9E6C8500147676 /* Build configuration list for PBXProject "BlobCourier" */;
			compatibilityVersion = "Xcode 3.2";
			developmentRegion = English;
			hasScannedForEncodings = 0;
			knownRegions = (
				English,
				en,
			);
			mainGroup = 58B511D21A9E6C8500147676;
			productRefGroup = 58B511D21A9E6C8500147676;
			projectDirPath = "";
			projectRoot = "";
			targets = (
				58B511DA1A9E6C8500147676 /* BlobCourier */,
				B96829E4254EC872002B4B04 /* BlobCourierTests */,
			);
		};
/* End PBXProject section */

/* Begin PBXResourcesBuildPhase section */
		B96829E3254EC872002B4B04 /* Resources */ = {
			isa = PBXResourcesBuildPhase;
			buildActionMask = 2147483647;
			files = (
			);
			runOnlyForDeploymentPostprocessing = 0;
		};
/* End PBXResourcesBuildPhase section */

/* Begin PBXShellScriptBuildPhase section */
		2798E2500A18D096D7C2E004 /* [CP] Embed Pods Frameworks */ = {
			isa = PBXShellScriptBuildPhase;
			buildActionMask = 2147483647;
			files = (
			);
			inputPaths = (
				"${PODS_ROOT}/Target Support Files/Pods-BlobCourier-BlobCourierTests/Pods-BlobCourier-BlobCourierTests-frameworks.sh",
				"${BUILT_PRODUCTS_DIR}/DoubleConversion/DoubleConversion.framework",
				"${BUILT_PRODUCTS_DIR}/FBReactNativeSpec/FBReactNativeSpec.framework",
				"${BUILT_PRODUCTS_DIR}/Folly/folly.framework",
				"${BUILT_PRODUCTS_DIR}/RCTTypeSafety/RCTTypeSafety.framework",
				"${BUILT_PRODUCTS_DIR}/React-Core/React.framework",
				"${BUILT_PRODUCTS_DIR}/React-CoreModules/CoreModules.framework",
				"${BUILT_PRODUCTS_DIR}/React-RCTAnimation/RCTAnimation.framework",
				"${BUILT_PRODUCTS_DIR}/React-RCTBlob/RCTBlob.framework",
				"${BUILT_PRODUCTS_DIR}/React-RCTImage/RCTImage.framework",
				"${BUILT_PRODUCTS_DIR}/React-RCTLinking/RCTLinking.framework",
				"${BUILT_PRODUCTS_DIR}/React-RCTNetwork/RCTNetwork.framework",
				"${BUILT_PRODUCTS_DIR}/React-RCTSettings/RCTSettings.framework",
				"${BUILT_PRODUCTS_DIR}/React-RCTText/RCTText.framework",
				"${BUILT_PRODUCTS_DIR}/React-RCTVibration/RCTVibration.framework",
				"${BUILT_PRODUCTS_DIR}/React-cxxreact/cxxreact.framework",
				"${BUILT_PRODUCTS_DIR}/React-jsi/jsi.framework",
				"${BUILT_PRODUCTS_DIR}/React-jsiexecutor/jsireact.framework",
				"${BUILT_PRODUCTS_DIR}/React-jsinspector/jsinspector.framework",
				"${BUILT_PRODUCTS_DIR}/ReactCommon/ReactCommon.framework",
				"${BUILT_PRODUCTS_DIR}/Yoga/yoga.framework",
				"${BUILT_PRODUCTS_DIR}/glog/glog.framework",
				"${BUILT_PRODUCTS_DIR}/Embassy/Embassy.framework",
				"${BUILT_PRODUCTS_DIR}/EnvoyAmbassador/EnvoyAmbassador.framework",
				"${BUILT_PRODUCTS_DIR}/MimeParser/MimeParser.framework",
			);
			name = "[CP] Embed Pods Frameworks";
			outputPaths = (
				"${TARGET_BUILD_DIR}/${FRAMEWORKS_FOLDER_PATH}/DoubleConversion.framework",
				"${TARGET_BUILD_DIR}/${FRAMEWORKS_FOLDER_PATH}/FBReactNativeSpec.framework",
				"${TARGET_BUILD_DIR}/${FRAMEWORKS_FOLDER_PATH}/folly.framework",
				"${TARGET_BUILD_DIR}/${FRAMEWORKS_FOLDER_PATH}/RCTTypeSafety.framework",
				"${TARGET_BUILD_DIR}/${FRAMEWORKS_FOLDER_PATH}/React.framework",
				"${TARGET_BUILD_DIR}/${FRAMEWORKS_FOLDER_PATH}/CoreModules.framework",
				"${TARGET_BUILD_DIR}/${FRAMEWORKS_FOLDER_PATH}/RCTAnimation.framework",
				"${TARGET_BUILD_DIR}/${FRAMEWORKS_FOLDER_PATH}/RCTBlob.framework",
				"${TARGET_BUILD_DIR}/${FRAMEWORKS_FOLDER_PATH}/RCTImage.framework",
				"${TARGET_BUILD_DIR}/${FRAMEWORKS_FOLDER_PATH}/RCTLinking.framework",
				"${TARGET_BUILD_DIR}/${FRAMEWORKS_FOLDER_PATH}/RCTNetwork.framework",
				"${TARGET_BUILD_DIR}/${FRAMEWORKS_FOLDER_PATH}/RCTSettings.framework",
				"${TARGET_BUILD_DIR}/${FRAMEWORKS_FOLDER_PATH}/RCTText.framework",
				"${TARGET_BUILD_DIR}/${FRAMEWORKS_FOLDER_PATH}/RCTVibration.framework",
				"${TARGET_BUILD_DIR}/${FRAMEWORKS_FOLDER_PATH}/cxxreact.framework",
				"${TARGET_BUILD_DIR}/${FRAMEWORKS_FOLDER_PATH}/jsi.framework",
				"${TARGET_BUILD_DIR}/${FRAMEWORKS_FOLDER_PATH}/jsireact.framework",
				"${TARGET_BUILD_DIR}/${FRAMEWORKS_FOLDER_PATH}/jsinspector.framework",
				"${TARGET_BUILD_DIR}/${FRAMEWORKS_FOLDER_PATH}/ReactCommon.framework",
				"${TARGET_BUILD_DIR}/${FRAMEWORKS_FOLDER_PATH}/yoga.framework",
				"${TARGET_BUILD_DIR}/${FRAMEWORKS_FOLDER_PATH}/glog.framework",
				"${TARGET_BUILD_DIR}/${FRAMEWORKS_FOLDER_PATH}/Embassy.framework",
				"${TARGET_BUILD_DIR}/${FRAMEWORKS_FOLDER_PATH}/EnvoyAmbassador.framework",
				"${TARGET_BUILD_DIR}/${FRAMEWORKS_FOLDER_PATH}/MimeParser.framework",
			);
			runOnlyForDeploymentPostprocessing = 0;
			shellPath = /bin/sh;
			shellScript = "\"${PODS_ROOT}/Target Support Files/Pods-BlobCourier-BlobCourierTests/Pods-BlobCourier-BlobCourierTests-frameworks.sh\"\n";
			showEnvVarsInLog = 0;
		};
		499C0CEEE765BAEB706A9434 /* [CP] Check Pods Manifest.lock */ = {
			isa = PBXShellScriptBuildPhase;
			buildActionMask = 2147483647;
			files = (
			);
			inputFileListPaths = (
			);
			inputPaths = (
				"${PODS_PODFILE_DIR_PATH}/Podfile.lock",
				"${PODS_ROOT}/Manifest.lock",
			);
			name = "[CP] Check Pods Manifest.lock";
			outputFileListPaths = (
			);
			outputPaths = (
				"$(DERIVED_FILE_DIR)/Pods-BlobCourier-checkManifestLockResult.txt",
			);
			runOnlyForDeploymentPostprocessing = 0;
			shellPath = /bin/sh;
			shellScript = "diff \"${PODS_PODFILE_DIR_PATH}/Podfile.lock\" \"${PODS_ROOT}/Manifest.lock\" > /dev/null\nif [ $? != 0 ] ; then\n    # print error to STDERR\n    echo \"error: The sandbox is not in sync with the Podfile.lock. Run 'pod install' or update your CocoaPods installation.\" >&2\n    exit 1\nfi\n# This output is used by Xcode 'outputs' to avoid re-running this script phase.\necho \"SUCCESS\" > \"${SCRIPT_OUTPUT_FILE_0}\"\n";
			showEnvVarsInLog = 0;
		};
		E87DD1CFD99FB1A56DB03C05 /* [CP] Check Pods Manifest.lock */ = {
			isa = PBXShellScriptBuildPhase;
			buildActionMask = 2147483647;
			files = (
			);
			inputFileListPaths = (
			);
			inputPaths = (
				"${PODS_PODFILE_DIR_PATH}/Podfile.lock",
				"${PODS_ROOT}/Manifest.lock",
			);
			name = "[CP] Check Pods Manifest.lock";
			outputFileListPaths = (
			);
			outputPaths = (
				"$(DERIVED_FILE_DIR)/Pods-BlobCourier-BlobCourierTests-checkManifestLockResult.txt",
			);
			runOnlyForDeploymentPostprocessing = 0;
			shellPath = /bin/sh;
			shellScript = "diff \"${PODS_PODFILE_DIR_PATH}/Podfile.lock\" \"${PODS_ROOT}/Manifest.lock\" > /dev/null\nif [ $? != 0 ] ; then\n    # print error to STDERR\n    echo \"error: The sandbox is not in sync with the Podfile.lock. Run 'pod install' or update your CocoaPods installation.\" >&2\n    exit 1\nfi\n# This output is used by Xcode 'outputs' to avoid re-running this script phase.\necho \"SUCCESS\" > \"${SCRIPT_OUTPUT_FILE_0}\"\n";
			showEnvVarsInLog = 0;
		};
/* End PBXShellScriptBuildPhase section */

/* Begin PBXSourcesBuildPhase section */
		58B511D71A9E6C8500147676 /* Sources */ = {
			isa = PBXSourcesBuildPhase;
			buildActionMask = 2147483647;
			files = (
				F4FF95D7245B92E800C19C63 /* BlobCourier.swift in Sources */,
				B96829DF254EC736002B4B04 /* DownloaderDelegate.swift in Sources */,
				B96829DD254EC730002B4B04 /* BlobCourierEventEmitter.swift in Sources */,
				B96A888E25BC566300F42B65 /* BlobDownloader.swift in Sources */,
				B96829D7254EC721002B4B04 /* BlobCourierDelayedEventEmitter.swift in Sources */,
				B96A889625BC567000F42B65 /* BlobUploader.swift in Sources */,
				B96A888625BC565300F42B65 /* Errors.swift in Sources */,
				B96A888425BC565300F42B65 /* Constants.swift in Sources */,
				B96829D9254EC727002B4B04 /* UploaderDelegate.swift in Sources */,
			);
			runOnlyForDeploymentPostprocessing = 0;
		};
		B96829E1254EC872002B4B04 /* Sources */ = {
			isa = PBXSourcesBuildPhase;
			buildActionMask = 2147483647;
			files = (
				B96A8B2B25BC808000F42B65 /* BlobCourierDelayedEventEmitter.swift in Sources */,
				B96A8B2825BC807200F42B65 /* BlobCourierEventEmitter.swift in Sources */,
				B96A88A725BC5E7800F42B65 /* UploaderDelegate.swift in Sources */,
				B96A888725BC565300F42B65 /* Errors.swift in Sources */,
				B96A88A225BC5E7200F42B65 /* DownloaderDelegate.swift in Sources */,
				B96829E8254EC872002B4B04 /* BlobCourierTests.swift in Sources */,
				B92C3A1025935C2700630464 /* EmbeddedHttpServer.swift in Sources */,
				B96A889725BC567000F42B65 /* BlobUploader.swift in Sources */,
				B96A888F25BC566300F42B65 /* BlobDownloader.swift in Sources */,
				B96A888525BC565300F42B65 /* Constants.swift in Sources */,
			);
			runOnlyForDeploymentPostprocessing = 0;
		};
/* End PBXSourcesBuildPhase section */

/* Begin PBXTargetDependency section */
		B96829EC254EC872002B4B04 /* PBXTargetDependency */ = {
			isa = PBXTargetDependency;
			target = 58B511DA1A9E6C8500147676 /* BlobCourier */;
			targetProxy = B96829EB254EC872002B4B04 /* PBXContainerItemProxy */;
		};
/* End PBXTargetDependency section */

/* Begin XCBuildConfiguration section */
		58B511ED1A9E6C8500147676 /* Debug */ = {
			isa = XCBuildConfiguration;
			buildSettings = {
				ALWAYS_SEARCH_USER_PATHS = NO;
				CLANG_CXX_LANGUAGE_STANDARD = "gnu++0x";
				CLANG_CXX_LIBRARY = "libc++";
				CLANG_ENABLE_MODULES = YES;
				CLANG_ENABLE_OBJC_ARC = YES;
				CLANG_WARN_BLOCK_CAPTURE_AUTORELEASING = YES;
				CLANG_WARN_BOOL_CONVERSION = YES;
				CLANG_WARN_COMMA = YES;
				CLANG_WARN_CONSTANT_CONVERSION = YES;
				CLANG_WARN_DIRECT_OBJC_ISA_USAGE = YES_ERROR;
				CLANG_WARN_EMPTY_BODY = YES;
				CLANG_WARN_ENUM_CONVERSION = YES;
				CLANG_WARN_INFINITE_RECURSION = YES;
				CLANG_WARN_INT_CONVERSION = YES;
				CLANG_WARN_NON_LITERAL_NULL_CONVERSION = YES;
				CLANG_WARN_OBJC_LITERAL_CONVERSION = YES;
				CLANG_WARN_OBJC_ROOT_CLASS = YES_ERROR;
				CLANG_WARN_RANGE_LOOP_ANALYSIS = YES;
				CLANG_WARN_STRICT_PROTOTYPES = YES;
				CLANG_WARN_SUSPICIOUS_MOVE = YES;
				CLANG_WARN_UNREACHABLE_CODE = YES;
				CLANG_WARN__DUPLICATE_METHOD_MATCH = YES;
				COPY_PHASE_STRIP = NO;
				ENABLE_STRICT_OBJC_MSGSEND = YES;
				ENABLE_TESTABILITY = YES;
				GCC_C_LANGUAGE_STANDARD = gnu99;
				GCC_DYNAMIC_NO_PIC = NO;
				GCC_NO_COMMON_BLOCKS = YES;
				GCC_OPTIMIZATION_LEVEL = 0;
				GCC_PREPROCESSOR_DEFINITIONS = (
					"DEBUG=1",
					"$(inherited)",
				);
				GCC_SYMBOLS_PRIVATE_EXTERN = NO;
				GCC_WARN_64_TO_32_BIT_CONVERSION = YES;
				GCC_WARN_ABOUT_RETURN_TYPE = YES_ERROR;
				GCC_WARN_UNDECLARED_SELECTOR = YES;
				GCC_WARN_UNINITIALIZED_AUTOS = YES_AGGRESSIVE;
				GCC_WARN_UNUSED_FUNCTION = YES;
				GCC_WARN_UNUSED_VARIABLE = YES;
				IPHONEOS_DEPLOYMENT_TARGET = 8.0;
				MTL_ENABLE_DEBUG_INFO = YES;
				ONLY_ACTIVE_ARCH = YES;
				SDKROOT = iphoneos;
			};
			name = Debug;
		};
		58B511EE1A9E6C8500147676 /* Release */ = {
			isa = XCBuildConfiguration;
			buildSettings = {
				ALWAYS_SEARCH_USER_PATHS = NO;
				CLANG_CXX_LANGUAGE_STANDARD = "gnu++0x";
				CLANG_CXX_LIBRARY = "libc++";
				CLANG_ENABLE_MODULES = YES;
				CLANG_ENABLE_OBJC_ARC = YES;
				CLANG_WARN_BLOCK_CAPTURE_AUTORELEASING = YES;
				CLANG_WARN_BOOL_CONVERSION = YES;
				CLANG_WARN_COMMA = YES;
				CLANG_WARN_CONSTANT_CONVERSION = YES;
				CLANG_WARN_DIRECT_OBJC_ISA_USAGE = YES_ERROR;
				CLANG_WARN_EMPTY_BODY = YES;
				CLANG_WARN_ENUM_CONVERSION = YES;
				CLANG_WARN_INFINITE_RECURSION = YES;
				CLANG_WARN_INT_CONVERSION = YES;
				CLANG_WARN_NON_LITERAL_NULL_CONVERSION = YES;
				CLANG_WARN_OBJC_LITERAL_CONVERSION = YES;
				CLANG_WARN_OBJC_ROOT_CLASS = YES_ERROR;
				CLANG_WARN_RANGE_LOOP_ANALYSIS = YES;
				CLANG_WARN_STRICT_PROTOTYPES = YES;
				CLANG_WARN_SUSPICIOUS_MOVE = YES;
				CLANG_WARN_UNREACHABLE_CODE = YES;
				CLANG_WARN__DUPLICATE_METHOD_MATCH = YES;
				COPY_PHASE_STRIP = YES;
				ENABLE_NS_ASSERTIONS = NO;
				ENABLE_STRICT_OBJC_MSGSEND = YES;
				GCC_C_LANGUAGE_STANDARD = gnu99;
				GCC_NO_COMMON_BLOCKS = YES;
				GCC_WARN_64_TO_32_BIT_CONVERSION = YES;
				GCC_WARN_ABOUT_RETURN_TYPE = YES_ERROR;
				GCC_WARN_UNDECLARED_SELECTOR = YES;
				GCC_WARN_UNINITIALIZED_AUTOS = YES_AGGRESSIVE;
				GCC_WARN_UNUSED_FUNCTION = YES;
				GCC_WARN_UNUSED_VARIABLE = YES;
				IPHONEOS_DEPLOYMENT_TARGET = 8.0;
				MTL_ENABLE_DEBUG_INFO = NO;
				SDKROOT = iphoneos;
				VALIDATE_PRODUCT = YES;
			};
			name = Release;
		};
		58B511F01A9E6C8500147676 /* Debug */ = {
			isa = XCBuildConfiguration;
			baseConfigurationReference = F0F8F7008E715FB238D44E2E /* Pods-BlobCourier.debug.xcconfig */;
			buildSettings = {
				HEADER_SEARCH_PATHS = (
					"$(inherited)",
					/Applications/Xcode.app/Contents/Developer/Toolchains/XcodeDefault.xctoolchain/usr/include,
					"$(SRCROOT)/../../../React/**",
					"$(SRCROOT)/../../react-native/React/**",
				);
				LIBRARY_SEARCH_PATHS = "$(inherited)";
				OTHER_LDFLAGS = "-ObjC";
				PRODUCT_NAME = BlobCourier;
				SKIP_INSTALL = YES;
				SWIFT_OBJC_BRIDGING_HEADER = "BlobCourier-Bridging-Header.h";
				SWIFT_OPTIMIZATION_LEVEL = "-Onone";
				SWIFT_VERSION = 5.0;
			};
			name = Debug;
		};
		58B511F11A9E6C8500147676 /* Release */ = {
			isa = XCBuildConfiguration;
			baseConfigurationReference = E431917845347E135BAF189E /* Pods-BlobCourier.release.xcconfig */;
			buildSettings = {
				HEADER_SEARCH_PATHS = (
					"$(inherited)",
					/Applications/Xcode.app/Contents/Developer/Toolchains/XcodeDefault.xctoolchain/usr/include,
					"$(SRCROOT)/../../../React/**",
					"$(SRCROOT)/../../react-native/React/**",
				);
				LIBRARY_SEARCH_PATHS = "$(inherited)";
				OTHER_LDFLAGS = "-ObjC";
				PRODUCT_NAME = BlobCourier;
				SKIP_INSTALL = YES;
				SWIFT_OBJC_BRIDGING_HEADER = "BlobCourier-Bridging-Header.h";
				SWIFT_VERSION = 5.0;
			};
			name = Release;
		};
		B96829EE254EC872002B4B04 /* Debug */ = {
			isa = XCBuildConfiguration;
			baseConfigurationReference = 1F84521322E35DA71243F60F /* Pods-BlobCourier-BlobCourierTests.debug.xcconfig */;
			buildSettings = {
				BUNDLE_LOADER = "";
				CLANG_ANALYZER_NONNULL = YES;
				CLANG_ANALYZER_NUMBER_OBJECT_CONVERSION = YES_AGGRESSIVE;
				CLANG_CXX_LANGUAGE_STANDARD = "gnu++14";
				CLANG_ENABLE_OBJC_WEAK = YES;
				CLANG_WARN_DEPRECATED_OBJC_IMPLEMENTATIONS = YES;
				CLANG_WARN_DOCUMENTATION_COMMENTS = YES;
				CLANG_WARN_OBJC_IMPLICIT_RETAIN_SELF = YES;
				CLANG_WARN_QUOTED_INCLUDE_IN_FRAMEWORK_HEADER = YES;
				CLANG_WARN_UNGUARDED_AVAILABILITY = YES_AGGRESSIVE;
				CODE_SIGN_STYLE = Automatic;
				DEBUG_INFORMATION_FORMAT = dwarf;
				GCC_C_LANGUAGE_STANDARD = gnu11;
				INFOPLIST_FILE = BlobCourierTests/Info.plist;
				IPHONEOS_DEPLOYMENT_TARGET = 10.3;
				LD_RUNPATH_SEARCH_PATHS = "$(inherited) @executable_path/Frameworks @loader_path/Frameworks";
				MTL_ENABLE_DEBUG_INFO = INCLUDE_SOURCE;
				MTL_FAST_MATH = YES;
				PRODUCT_BUNDLE_IDENTIFIER = io.deckers.BlobCourierTests;
				PRODUCT_NAME = "$(TARGET_NAME)";
				SWIFT_ACTIVE_COMPILATION_CONDITIONS = DEBUG;
				SWIFT_OPTIMIZATION_LEVEL = "-Onone";
				SWIFT_VERSION = 5.0;
				TARGETED_DEVICE_FAMILY = "1,2";
			};
			name = Debug;
		};
		B96829EF254EC872002B4B04 /* Release */ = {
			isa = XCBuildConfiguration;
			baseConfigurationReference = 7487E74E1A0C30B41CC57453 /* Pods-BlobCourier-BlobCourierTests.release.xcconfig */;
			buildSettings = {
				BUNDLE_LOADER = "";
				CLANG_ANALYZER_NONNULL = YES;
				CLANG_ANALYZER_NUMBER_OBJECT_CONVERSION = YES_AGGRESSIVE;
				CLANG_CXX_LANGUAGE_STANDARD = "gnu++14";
				CLANG_ENABLE_OBJC_WEAK = YES;
				CLANG_WARN_DEPRECATED_OBJC_IMPLEMENTATIONS = YES;
				CLANG_WARN_DOCUMENTATION_COMMENTS = YES;
				CLANG_WARN_OBJC_IMPLICIT_RETAIN_SELF = YES;
				CLANG_WARN_QUOTED_INCLUDE_IN_FRAMEWORK_HEADER = YES;
				CLANG_WARN_UNGUARDED_AVAILABILITY = YES_AGGRESSIVE;
				CODE_SIGN_STYLE = Automatic;
				COPY_PHASE_STRIP = NO;
				DEBUG_INFORMATION_FORMAT = "dwarf-with-dsym";
				GCC_C_LANGUAGE_STANDARD = gnu11;
				INFOPLIST_FILE = BlobCourierTests/Info.plist;
				IPHONEOS_DEPLOYMENT_TARGET = 10.3;
				LD_RUNPATH_SEARCH_PATHS = "$(inherited) @executable_path/Frameworks @loader_path/Frameworks";
				MTL_FAST_MATH = YES;
				PRODUCT_BUNDLE_IDENTIFIER = io.deckers.BlobCourierTests;
				PRODUCT_NAME = "$(TARGET_NAME)";
				SWIFT_OPTIMIZATION_LEVEL = "-Owholemodule";
				SWIFT_VERSION = 5.0;
				TARGETED_DEVICE_FAMILY = "1,2";
			};
			name = Release;
		};
/* End XCBuildConfiguration section */

/* Begin XCConfigurationList section */
		58B511D61A9E6C8500147676 /* Build configuration list for PBXProject "BlobCourier" */ = {
			isa = XCConfigurationList;
			buildConfigurations = (
				58B511ED1A9E6C8500147676 /* Debug */,
				58B511EE1A9E6C8500147676 /* Release */,
			);
			defaultConfigurationIsVisible = 0;
			defaultConfigurationName = Release;
		};
		58B511EF1A9E6C8500147676 /* Build configuration list for PBXNativeTarget "BlobCourier" */ = {
			isa = XCConfigurationList;
			buildConfigurations = (
				58B511F01A9E6C8500147676 /* Debug */,
				58B511F11A9E6C8500147676 /* Release */,
			);
			defaultConfigurationIsVisible = 0;
			defaultConfigurationName = Release;
		};
		B96829ED254EC872002B4B04 /* Build configuration list for PBXNativeTarget "BlobCourierTests" */ = {
			isa = XCConfigurationList;
			buildConfigurations = (
				B96829EE254EC872002B4B04 /* Debug */,
				B96829EF254EC872002B4B04 /* Release */,
			);
			defaultConfigurationIsVisible = 0;
			defaultConfigurationName = Release;
		};
/* End XCConfigurationList section */
	};
	rootObject = 58B511D31A9E6C8500147676 /* Project object */;
}
