PODS:
  - Embassy (4.1.1)
  - EnvoyAmbassador (4.0.5):
    - Embassy (~> 4.0)
  - MimeParser (0.2.3)

DEPENDENCIES:
  - Embassy (~> 4.1)
  - EnvoyAmbassador (~> 4.0)
  - MimeParser (~> 0.2)

SPEC REPOS:
  trunk:
    - Embassy
    - EnvoyAmbassador
    - MimeParser

SPEC CHECKSUMS:
  Embassy: eb36dc783ea20b792426461bbaff8c3f256e0331
  EnvoyAmbassador: 21cef10e70d003801c68ba5281948684a4e25486
  MimeParser: 3e8d62150367f4627b7a36e564232e358c48c480

PODFILE CHECKSUM: 8864f0b477d4ca7da3732592c5ee9d78c4666f0c

COCOAPODS: 1.10.1
